
Microsoft Visual Studio Solution File, Format Version 12.00
# Visual Studio Version 16
VisualStudioVersion = 16.0.30621.155
MinimumVisualStudioVersion = 10.0.40219.1
Project("{9A19103F-16F7-4668-BE54-9A1E7A4F7556}") = "ProyectoRankingEmpresas", "ProyectoRankingEmpresas\ProyectoRankingEmpresas.csproj", "{B6772E3F-CEBF-4689-9B71-60D7A4D333EC}"
EndProject
Project("{9A19103F-16F7-4668-BE54-9A1E7A4F7556}") = "EntityModel", "EntityModel\EntityModel.csproj", "{92612811-E862-4907-8AD4-89690C4204D8}"
EndProject
Project("{FAE04EC0-301F-11D3-BF4B-00C04F79EFBC}") = "UnitTestApiRank", "UnitTestApiRank\UnitTestApiRank.csproj", "{04F4762C-7959-4256-80AE-D0852FC5FC7E}"
EndProject
Global
	GlobalSection(SolutionConfigurationPlatforms) = preSolution
		Debug|Any CPU = Debug|Any CPU
		Release|Any CPU = Release|Any CPU
	EndGlobalSection
	GlobalSection(ProjectConfigurationPlatforms) = postSolution
		{B6772E3F-CEBF-4689-9B71-60D7A4D333EC}.Debug|Any CPU.ActiveCfg = Debug|Any CPU
		{B6772E3F-CEBF-4689-9B71-60D7A4D333EC}.Debug|Any CPU.Build.0 = Debug|Any CPU
		{B6772E3F-CEBF-4689-9B71-60D7A4D333EC}.Release|Any CPU.ActiveCfg = Release|Any CPU
		{B6772E3F-CEBF-4689-9B71-60D7A4D333EC}.Release|Any CPU.Build.0 = Release|Any CPU
		{92612811-E862-4907-8AD4-89690C4204D8}.Debug|Any CPU.ActiveCfg = Debug|Any CPU
		{92612811-E862-4907-8AD4-89690C4204D8}.Debug|Any CPU.Build.0 = Debug|Any CPU
		{92612811-E862-4907-8AD4-89690C4204D8}.Release|Any CPU.ActiveCfg = Release|Any CPU
		{92612811-E862-4907-8AD4-89690C4204D8}.Release|Any CPU.Build.0 = Release|Any CPU
		{04F4762C-7959-4256-80AE-D0852FC5FC7E}.Debug|Any CPU.ActiveCfg = Debug|Any CPU
		{04F4762C-7959-4256-80AE-D0852FC5FC7E}.Debug|Any CPU.Build.0 = Debug|Any CPU
		{04F4762C-7959-4256-80AE-D0852FC5FC7E}.Release|Any CPU.ActiveCfg = Release|Any CPU
		{04F4762C-7959-4256-80AE-D0852FC5FC7E}.Release|Any CPU.Build.0 = Release|Any CPU
	EndGlobalSection
	GlobalSection(SolutionProperties) = preSolution
		HideSolutionNode = FALSE
	EndGlobalSection
	GlobalSection(ExtensibilityGlobals) = postSolution
		SolutionGuid = {4BE20F98-C88A-4DFD-BE60-939CEB909F67}
	EndGlobalSection
EndGlobal
